
Microsoft Visual Studio Solution File, Format Version 12.00
# Visual Studio Version 17
VisualStudioVersion = 17.0.31903.59
MinimumVisualStudioVersion = 10.0.40219.1
Project("{2150E333-8FDC-42A3-9474-1A3956D46DE8}") = "src", "src", "{36984472-642A-4AA8-91AD-D608CB6CA277}"
EndProject
Project("{9A19103F-16F7-4668-BE54-9A1E7A4F7556}") = "Fit", "src\Fit\Fit.csproj", "{353A2F94-681C-46BA-A3EF-AA8DE7C98DAB}"
EndProject
Project("{9A19103F-16F7-4668-BE54-9A1E7A4F7556}") = "Fit.Demo.Test", "src\Demo\Fit.Demo.Test\Fit.Demo.Test.csproj", "{68D6B61E-C219-40E9-95F7-E0BDEFF905BE}"
EndProject
Project("{2150E333-8FDC-42A3-9474-1A3956D46DE8}") = "Demo", "Demo", "{37ACAAD9-647C-458E-A5F4-89D26EDA965A}"
EndProject
Project("{9A19103F-16F7-4668-BE54-9A1E7A4F7556}") = "Fit.Demo", "src\Demo\Fit.Demo\Fit.Demo.csproj", "{F5703CE4-B6E0-4FAA-A6A1-051BA2E25EB0}"
EndProject
Project("{9A19103F-16F7-4668-BE54-9A1E7A4F7556}") = "Fit.XUnit", "src\Fit.XUnit\Fit.XUnit.csproj", "{9D6E00C0-746F-4852-AECB-695B4D8C5F8A}"
EndProject
Global
	GlobalSection(SolutionConfigurationPlatforms) = preSolution
		Debug|Any CPU = Debug|Any CPU
		Release|Any CPU = Release|Any CPU
	EndGlobalSection
	GlobalSection(ProjectConfigurationPlatforms) = postSolution
		{353A2F94-681C-46BA-A3EF-AA8DE7C98DAB}.Debug|Any CPU.ActiveCfg = Debug|Any CPU
		{353A2F94-681C-46BA-A3EF-AA8DE7C98DAB}.Debug|Any CPU.Build.0 = Debug|Any CPU
		{353A2F94-681C-46BA-A3EF-AA8DE7C98DAB}.Release|Any CPU.ActiveCfg = Release|Any CPU
		{353A2F94-681C-46BA-A3EF-AA8DE7C98DAB}.Release|Any CPU.Build.0 = Release|Any CPU
		{68D6B61E-C219-40E9-95F7-E0BDEFF905BE}.Debug|Any CPU.ActiveCfg = Debug|Any CPU
		{68D6B61E-C219-40E9-95F7-E0BDEFF905BE}.Debug|Any CPU.Build.0 = Debug|Any CPU
		{68D6B61E-C219-40E9-95F7-E0BDEFF905BE}.Release|Any CPU.ActiveCfg = Release|Any CPU
		{68D6B61E-C219-40E9-95F7-E0BDEFF905BE}.Release|Any CPU.Build.0 = Release|Any CPU
		{F5703CE4-B6E0-4FAA-A6A1-051BA2E25EB0}.Debug|Any CPU.ActiveCfg = Debug|Any CPU
		{F5703CE4-B6E0-4FAA-A6A1-051BA2E25EB0}.Debug|Any CPU.Build.0 = Debug|Any CPU
		{F5703CE4-B6E0-4FAA-A6A1-051BA2E25EB0}.Release|Any CPU.ActiveCfg = Release|Any CPU
		{F5703CE4-B6E0-4FAA-A6A1-051BA2E25EB0}.Release|Any CPU.Build.0 = Release|Any CPU
		{9D6E00C0-746F-4852-AECB-695B4D8C5F8A}.Debug|Any CPU.ActiveCfg = Debug|Any CPU
		{9D6E00C0-746F-4852-AECB-695B4D8C5F8A}.Debug|Any CPU.Build.0 = Debug|Any CPU
		{9D6E00C0-746F-4852-AECB-695B4D8C5F8A}.Release|Any CPU.ActiveCfg = Release|Any CPU
		{9D6E00C0-746F-4852-AECB-695B4D8C5F8A}.Release|Any CPU.Build.0 = Release|Any CPU
	EndGlobalSection
	GlobalSection(SolutionProperties) = preSolution
		HideSolutionNode = FALSE
	EndGlobalSection
	GlobalSection(NestedProjects) = preSolution
		{353A2F94-681C-46BA-A3EF-AA8DE7C98DAB} = {36984472-642A-4AA8-91AD-D608CB6CA277}
		{68D6B61E-C219-40E9-95F7-E0BDEFF905BE} = {37ACAAD9-647C-458E-A5F4-89D26EDA965A}
		{37ACAAD9-647C-458E-A5F4-89D26EDA965A} = {36984472-642A-4AA8-91AD-D608CB6CA277}
		{F5703CE4-B6E0-4FAA-A6A1-051BA2E25EB0} = {37ACAAD9-647C-458E-A5F4-89D26EDA965A}
		{9D6E00C0-746F-4852-AECB-695B4D8C5F8A} = {36984472-642A-4AA8-91AD-D608CB6CA277}
	EndGlobalSection
	GlobalSection(ExtensibilityGlobals) = postSolution
		SolutionGuid = {7EE0867D-3FB6-4837-B192-D11F256BFCA4}
	EndGlobalSection
EndGlobal
