
Microsoft Visual Studio Solution File, Format Version 12.00
# Visual Studio Version 17
VisualStudioVersion = 17.0.31903.59
MinimumVisualStudioVersion = 10.0.40219.1
Project("{2150E333-8FDC-42A3-9474-1A3956D46DE8}") = "src", "src", "{36984472-642A-4AA8-91AD-D608CB6CA277}"
EndProject
Project("{9A19103F-16F7-4668-BE54-9A1E7A4F7556}") = "Fit", "src\Fit\Fit.csproj", "{353A2F94-681C-46BA-A3EF-AA8DE7C98DAB}"
EndProject
Global
	GlobalSection(SolutionConfigurationPlatforms) = preSolution
		Debug|Any CPU = Debug|Any CPU
		Release|Any CPU = Release|Any CPU
	EndGlobalSection
	GlobalSection(ProjectConfigurationPlatforms) = postSolution
		{353A2F94-681C-46BA-A3EF-AA8DE7C98DAB}.Debug|Any CPU.ActiveCfg = Debug|Any CPU
		{353A2F94-681C-46BA-A3EF-AA8DE7C98DAB}.Debug|Any CPU.Build.0 = Debug|Any CPU
		{353A2F94-681C-46BA-A3EF-AA8DE7C98DAB}.Release|Any CPU.ActiveCfg = Release|Any CPU
		{353A2F94-681C-46BA-A3EF-AA8DE7C98DAB}.Release|Any CPU.Build.0 = Release|Any CPU
	EndGlobalSection
	GlobalSection(SolutionProperties) = preSolution
		HideSolutionNode = FALSE
	EndGlobalSection
	GlobalSection(NestedProjects) = preSolution
		{353A2F94-681C-46BA-A3EF-AA8DE7C98DAB} = {36984472-642A-4AA8-91AD-D608CB6CA277}
	EndGlobalSection
	GlobalSection(ExtensibilityGlobals) = postSolution
		SolutionGuid = {7EE0867D-3FB6-4837-B192-D11F256BFCA4}
	EndGlobalSection
EndGlobal
